
Microsoft Visual Studio Solution File, Format Version 12.00
# Visual Studio 15
VisualStudioVersion = 15.0.28307.645
MinimumVisualStudioVersion = 10.0.40219.1
Project("{FAE04EC0-301F-11D3-BF4B-00C04F79EFBC}") = "HotelBot1", "HotelBot1\HotelBot1.csproj", "{4C382F26-34E9-4623-B236-AD240234E393}"
EndProject
Global
	GlobalSection(SolutionConfigurationPlatforms) = preSolution
		Debug|Any CPU = Debug|Any CPU
		Release|Any CPU = Release|Any CPU
	EndGlobalSection
	GlobalSection(ProjectConfigurationPlatforms) = postSolution
		{4C382F26-34E9-4623-B236-AD240234E393}.Debug|Any CPU.ActiveCfg = Debug|Any CPU
		{4C382F26-34E9-4623-B236-AD240234E393}.Debug|Any CPU.Build.0 = Debug|Any CPU
		{4C382F26-34E9-4623-B236-AD240234E393}.Release|Any CPU.ActiveCfg = Release|Any CPU
		{4C382F26-34E9-4623-B236-AD240234E393}.Release|Any CPU.Build.0 = Release|Any CPU
	EndGlobalSection
	GlobalSection(SolutionProperties) = preSolution
		HideSolutionNode = FALSE
	EndGlobalSection
	GlobalSection(ExtensibilityGlobals) = postSolution
		SolutionGuid = {89DAB891-72B3-4A6F-9862-C12B1D48494A}
	EndGlobalSection
EndGlobal
